
Microsoft Visual Studio Solution File, Format Version 12.00
# Visual Studio 15
VisualStudioVersion = 15.0.26124.0
MinimumVisualStudioVersion = 15.0.26124.0
Project("{FAE04EC0-301F-11D3-BF4B-00C04F79EFBC}") = "A-DeleTest", "A-DeleTest\A-DeleTest.csproj", "{FF89A75C-869D-4CB9-A213-C127E9893D74}"
EndProject
Project("{FAE04EC0-301F-11D3-BF4B-00C04F79EFBC}") = "B-EventTest", "B-EventTest\B-EventTest.csproj", "{66C5BBBF-940D-4809-B26D-11D3FF6FBFD5}"
EndProject
Global
	GlobalSection(SolutionConfigurationPlatforms) = preSolution
		Debug|Any CPU = Debug|Any CPU
		Debug|x64 = Debug|x64
		Debug|x86 = Debug|x86
		Release|Any CPU = Release|Any CPU
		Release|x64 = Release|x64
		Release|x86 = Release|x86
	EndGlobalSection
	GlobalSection(SolutionProperties) = preSolution
		HideSolutionNode = FALSE
	EndGlobalSection
	GlobalSection(ProjectConfigurationPlatforms) = postSolution
		{FF89A75C-869D-4CB9-A213-C127E9893D74}.Debug|Any CPU.ActiveCfg = Debug|Any CPU
		{FF89A75C-869D-4CB9-A213-C127E9893D74}.Debug|Any CPU.Build.0 = Debug|Any CPU
		{FF89A75C-869D-4CB9-A213-C127E9893D74}.Debug|x64.ActiveCfg = Debug|Any CPU
		{FF89A75C-869D-4CB9-A213-C127E9893D74}.Debug|x64.Build.0 = Debug|Any CPU
		{FF89A75C-869D-4CB9-A213-C127E9893D74}.Debug|x86.ActiveCfg = Debug|Any CPU
		{FF89A75C-869D-4CB9-A213-C127E9893D74}.Debug|x86.Build.0 = Debug|Any CPU
		{FF89A75C-869D-4CB9-A213-C127E9893D74}.Release|Any CPU.ActiveCfg = Release|Any CPU
		{FF89A75C-869D-4CB9-A213-C127E9893D74}.Release|Any CPU.Build.0 = Release|Any CPU
		{FF89A75C-869D-4CB9-A213-C127E9893D74}.Release|x64.ActiveCfg = Release|Any CPU
		{FF89A75C-869D-4CB9-A213-C127E9893D74}.Release|x64.Build.0 = Release|Any CPU
		{FF89A75C-869D-4CB9-A213-C127E9893D74}.Release|x86.ActiveCfg = Release|Any CPU
		{FF89A75C-869D-4CB9-A213-C127E9893D74}.Release|x86.Build.0 = Release|Any CPU
		{66C5BBBF-940D-4809-B26D-11D3FF6FBFD5}.Debug|Any CPU.ActiveCfg = Debug|Any CPU
		{66C5BBBF-940D-4809-B26D-11D3FF6FBFD5}.Debug|Any CPU.Build.0 = Debug|Any CPU
		{66C5BBBF-940D-4809-B26D-11D3FF6FBFD5}.Debug|x64.ActiveCfg = Debug|Any CPU
		{66C5BBBF-940D-4809-B26D-11D3FF6FBFD5}.Debug|x64.Build.0 = Debug|Any CPU
		{66C5BBBF-940D-4809-B26D-11D3FF6FBFD5}.Debug|x86.ActiveCfg = Debug|Any CPU
		{66C5BBBF-940D-4809-B26D-11D3FF6FBFD5}.Debug|x86.Build.0 = Debug|Any CPU
		{66C5BBBF-940D-4809-B26D-11D3FF6FBFD5}.Release|Any CPU.ActiveCfg = Release|Any CPU
		{66C5BBBF-940D-4809-B26D-11D3FF6FBFD5}.Release|Any CPU.Build.0 = Release|Any CPU
		{66C5BBBF-940D-4809-B26D-11D3FF6FBFD5}.Release|x64.ActiveCfg = Release|Any CPU
		{66C5BBBF-940D-4809-B26D-11D3FF6FBFD5}.Release|x64.Build.0 = Release|Any CPU
		{66C5BBBF-940D-4809-B26D-11D3FF6FBFD5}.Release|x86.ActiveCfg = Release|Any CPU
		{66C5BBBF-940D-4809-B26D-11D3FF6FBFD5}.Release|x86.Build.0 = Release|Any CPU
	EndGlobalSection
EndGlobal
