
Microsoft Visual Studio Solution File, Format Version 12.00
# Visual Studio 15
VisualStudioVersion = 15.0.26124.0
MinimumVisualStudioVersion = 15.0.26124.0
Project("{FAE04EC0-301F-11D3-BF4B-00C04F79EFBC}") = "A-XmlReader", "A-XmlReader\A-XmlReader.csproj", "{6CE928FC-1EAF-4E96-A62A-084BFB14C7BA}"
EndProject
Project("{FAE04EC0-301F-11D3-BF4B-00C04F79EFBC}") = "B-XmlWriter", "B-XmlWriter\B-XmlWriter.csproj", "{0D13382D-A5EA-4308-8CD7-33B501C8E71F}"
EndProject
Project("{FAE04EC0-301F-11D3-BF4B-00C04F79EFBC}") = "C-XmlTextReader", "C-XmlTextReader\C-XmlTextReader.csproj", "{B9D309D9-E6DD-4796-AFF6-B4E7CEF9E7CE}"
EndProject
Project("{FAE04EC0-301F-11D3-BF4B-00C04F79EFBC}") = "D-XmlDOM", "D-XmlDOM\D-XmlDOM.csproj", "{6AA62730-7758-4D8A-88C5-C3619FDF9D03}"
EndProject
Global
	GlobalSection(SolutionConfigurationPlatforms) = preSolution
		Debug|Any CPU = Debug|Any CPU
		Debug|x64 = Debug|x64
		Debug|x86 = Debug|x86
		Release|Any CPU = Release|Any CPU
		Release|x64 = Release|x64
		Release|x86 = Release|x86
	EndGlobalSection
	GlobalSection(SolutionProperties) = preSolution
		HideSolutionNode = FALSE
	EndGlobalSection
	GlobalSection(ProjectConfigurationPlatforms) = postSolution
		{6CE928FC-1EAF-4E96-A62A-084BFB14C7BA}.Debug|Any CPU.ActiveCfg = Debug|Any CPU
		{6CE928FC-1EAF-4E96-A62A-084BFB14C7BA}.Debug|Any CPU.Build.0 = Debug|Any CPU
		{6CE928FC-1EAF-4E96-A62A-084BFB14C7BA}.Debug|x64.ActiveCfg = Debug|Any CPU
		{6CE928FC-1EAF-4E96-A62A-084BFB14C7BA}.Debug|x64.Build.0 = Debug|Any CPU
		{6CE928FC-1EAF-4E96-A62A-084BFB14C7BA}.Debug|x86.ActiveCfg = Debug|Any CPU
		{6CE928FC-1EAF-4E96-A62A-084BFB14C7BA}.Debug|x86.Build.0 = Debug|Any CPU
		{6CE928FC-1EAF-4E96-A62A-084BFB14C7BA}.Release|Any CPU.ActiveCfg = Release|Any CPU
		{6CE928FC-1EAF-4E96-A62A-084BFB14C7BA}.Release|Any CPU.Build.0 = Release|Any CPU
		{6CE928FC-1EAF-4E96-A62A-084BFB14C7BA}.Release|x64.ActiveCfg = Release|Any CPU
		{6CE928FC-1EAF-4E96-A62A-084BFB14C7BA}.Release|x64.Build.0 = Release|Any CPU
		{6CE928FC-1EAF-4E96-A62A-084BFB14C7BA}.Release|x86.ActiveCfg = Release|Any CPU
		{6CE928FC-1EAF-4E96-A62A-084BFB14C7BA}.Release|x86.Build.0 = Release|Any CPU
		{0D13382D-A5EA-4308-8CD7-33B501C8E71F}.Debug|Any CPU.ActiveCfg = Debug|Any CPU
		{0D13382D-A5EA-4308-8CD7-33B501C8E71F}.Debug|Any CPU.Build.0 = Debug|Any CPU
		{0D13382D-A5EA-4308-8CD7-33B501C8E71F}.Debug|x64.ActiveCfg = Debug|Any CPU
		{0D13382D-A5EA-4308-8CD7-33B501C8E71F}.Debug|x64.Build.0 = Debug|Any CPU
		{0D13382D-A5EA-4308-8CD7-33B501C8E71F}.Debug|x86.ActiveCfg = Debug|Any CPU
		{0D13382D-A5EA-4308-8CD7-33B501C8E71F}.Debug|x86.Build.0 = Debug|Any CPU
		{0D13382D-A5EA-4308-8CD7-33B501C8E71F}.Release|Any CPU.ActiveCfg = Release|Any CPU
		{0D13382D-A5EA-4308-8CD7-33B501C8E71F}.Release|Any CPU.Build.0 = Release|Any CPU
		{0D13382D-A5EA-4308-8CD7-33B501C8E71F}.Release|x64.ActiveCfg = Release|Any CPU
		{0D13382D-A5EA-4308-8CD7-33B501C8E71F}.Release|x64.Build.0 = Release|Any CPU
		{0D13382D-A5EA-4308-8CD7-33B501C8E71F}.Release|x86.ActiveCfg = Release|Any CPU
		{0D13382D-A5EA-4308-8CD7-33B501C8E71F}.Release|x86.Build.0 = Release|Any CPU
		{B9D309D9-E6DD-4796-AFF6-B4E7CEF9E7CE}.Debug|Any CPU.ActiveCfg = Debug|Any CPU
		{B9D309D9-E6DD-4796-AFF6-B4E7CEF9E7CE}.Debug|Any CPU.Build.0 = Debug|Any CPU
		{B9D309D9-E6DD-4796-AFF6-B4E7CEF9E7CE}.Debug|x64.ActiveCfg = Debug|Any CPU
		{B9D309D9-E6DD-4796-AFF6-B4E7CEF9E7CE}.Debug|x64.Build.0 = Debug|Any CPU
		{B9D309D9-E6DD-4796-AFF6-B4E7CEF9E7CE}.Debug|x86.ActiveCfg = Debug|Any CPU
		{B9D309D9-E6DD-4796-AFF6-B4E7CEF9E7CE}.Debug|x86.Build.0 = Debug|Any CPU
		{B9D309D9-E6DD-4796-AFF6-B4E7CEF9E7CE}.Release|Any CPU.ActiveCfg = Release|Any CPU
		{B9D309D9-E6DD-4796-AFF6-B4E7CEF9E7CE}.Release|Any CPU.Build.0 = Release|Any CPU
		{B9D309D9-E6DD-4796-AFF6-B4E7CEF9E7CE}.Release|x64.ActiveCfg = Release|Any CPU
		{B9D309D9-E6DD-4796-AFF6-B4E7CEF9E7CE}.Release|x64.Build.0 = Release|Any CPU
		{B9D309D9-E6DD-4796-AFF6-B4E7CEF9E7CE}.Release|x86.ActiveCfg = Release|Any CPU
		{B9D309D9-E6DD-4796-AFF6-B4E7CEF9E7CE}.Release|x86.Build.0 = Release|Any CPU
		{6AA62730-7758-4D8A-88C5-C3619FDF9D03}.Debug|Any CPU.ActiveCfg = Debug|Any CPU
		{6AA62730-7758-4D8A-88C5-C3619FDF9D03}.Debug|Any CPU.Build.0 = Debug|Any CPU
		{6AA62730-7758-4D8A-88C5-C3619FDF9D03}.Debug|x64.ActiveCfg = Debug|Any CPU
		{6AA62730-7758-4D8A-88C5-C3619FDF9D03}.Debug|x64.Build.0 = Debug|Any CPU
		{6AA62730-7758-4D8A-88C5-C3619FDF9D03}.Debug|x86.ActiveCfg = Debug|Any CPU
		{6AA62730-7758-4D8A-88C5-C3619FDF9D03}.Debug|x86.Build.0 = Debug|Any CPU
		{6AA62730-7758-4D8A-88C5-C3619FDF9D03}.Release|Any CPU.ActiveCfg = Release|Any CPU
		{6AA62730-7758-4D8A-88C5-C3619FDF9D03}.Release|Any CPU.Build.0 = Release|Any CPU
		{6AA62730-7758-4D8A-88C5-C3619FDF9D03}.Release|x64.ActiveCfg = Release|Any CPU
		{6AA62730-7758-4D8A-88C5-C3619FDF9D03}.Release|x64.Build.0 = Release|Any CPU
		{6AA62730-7758-4D8A-88C5-C3619FDF9D03}.Release|x86.ActiveCfg = Release|Any CPU
		{6AA62730-7758-4D8A-88C5-C3619FDF9D03}.Release|x86.Build.0 = Release|Any CPU
	EndGlobalSection
EndGlobal
