
Microsoft Visual Studio Solution File, Format Version 12.00
# Visual Studio Version 16
VisualStudioVersion = 16.0.30204.135
MinimumVisualStudioVersion = 15.0.26124.0
Project("{9A19103F-16F7-4668-BE54-9A1E7A4F7556}") = "MyFirstProject", "MyFirstProject\MyFirstProject.csproj", "{03A13401-9F08-4D1B-9314-3D181E0582D2}"
EndProject
Project("{9A19103F-16F7-4668-BE54-9A1E7A4F7556}") = "MTest", "MTest\MTest.csproj", "{4AFBA5A6-389C-4B82-8689-5184C0E6B22C}"
EndProject
Global
	GlobalSection(SolutionConfigurationPlatforms) = preSolution
		Debug|Any CPU = Debug|Any CPU
		Debug|x64 = Debug|x64
		Debug|x86 = Debug|x86
		Release|Any CPU = Release|Any CPU
		Release|x64 = Release|x64
		Release|x86 = Release|x86
	EndGlobalSection
	GlobalSection(ProjectConfigurationPlatforms) = postSolution
		{03A13401-9F08-4D1B-9314-3D181E0582D2}.Debug|Any CPU.ActiveCfg = Debug|Any CPU
		{03A13401-9F08-4D1B-9314-3D181E0582D2}.Debug|Any CPU.Build.0 = Debug|Any CPU
		{03A13401-9F08-4D1B-9314-3D181E0582D2}.Debug|x64.ActiveCfg = Debug|Any CPU
		{03A13401-9F08-4D1B-9314-3D181E0582D2}.Debug|x64.Build.0 = Debug|Any CPU
		{03A13401-9F08-4D1B-9314-3D181E0582D2}.Debug|x86.ActiveCfg = Debug|Any CPU
		{03A13401-9F08-4D1B-9314-3D181E0582D2}.Debug|x86.Build.0 = Debug|Any CPU
		{03A13401-9F08-4D1B-9314-3D181E0582D2}.Release|Any CPU.ActiveCfg = Release|Any CPU
		{03A13401-9F08-4D1B-9314-3D181E0582D2}.Release|Any CPU.Build.0 = Release|Any CPU
		{03A13401-9F08-4D1B-9314-3D181E0582D2}.Release|x64.ActiveCfg = Release|Any CPU
		{03A13401-9F08-4D1B-9314-3D181E0582D2}.Release|x64.Build.0 = Release|Any CPU
		{03A13401-9F08-4D1B-9314-3D181E0582D2}.Release|x86.ActiveCfg = Release|Any CPU
		{03A13401-9F08-4D1B-9314-3D181E0582D2}.Release|x86.Build.0 = Release|Any CPU
		{4AFBA5A6-389C-4B82-8689-5184C0E6B22C}.Debug|Any CPU.ActiveCfg = Debug|Any CPU
		{4AFBA5A6-389C-4B82-8689-5184C0E6B22C}.Debug|Any CPU.Build.0 = Debug|Any CPU
		{4AFBA5A6-389C-4B82-8689-5184C0E6B22C}.Debug|x64.ActiveCfg = Debug|Any CPU
		{4AFBA5A6-389C-4B82-8689-5184C0E6B22C}.Debug|x64.Build.0 = Debug|Any CPU
		{4AFBA5A6-389C-4B82-8689-5184C0E6B22C}.Debug|x86.ActiveCfg = Debug|Any CPU
		{4AFBA5A6-389C-4B82-8689-5184C0E6B22C}.Debug|x86.Build.0 = Debug|Any CPU
		{4AFBA5A6-389C-4B82-8689-5184C0E6B22C}.Release|Any CPU.ActiveCfg = Release|Any CPU
		{4AFBA5A6-389C-4B82-8689-5184C0E6B22C}.Release|Any CPU.Build.0 = Release|Any CPU
		{4AFBA5A6-389C-4B82-8689-5184C0E6B22C}.Release|x64.ActiveCfg = Release|Any CPU
		{4AFBA5A6-389C-4B82-8689-5184C0E6B22C}.Release|x64.Build.0 = Release|Any CPU
		{4AFBA5A6-389C-4B82-8689-5184C0E6B22C}.Release|x86.ActiveCfg = Release|Any CPU
		{4AFBA5A6-389C-4B82-8689-5184C0E6B22C}.Release|x86.Build.0 = Release|Any CPU
	EndGlobalSection
	GlobalSection(SolutionProperties) = preSolution
		HideSolutionNode = FALSE
	EndGlobalSection
	GlobalSection(ExtensibilityGlobals) = postSolution
		SolutionGuid = {31637014-BCC3-4B28-A999-CF8CE7623EED}
	EndGlobalSection
EndGlobal
