
Microsoft Visual Studio Solution File, Format Version 12.00
# Visual Studio 15
VisualStudioVersion = 15.0.26124.0
MinimumVisualStudioVersion = 15.0.26124.0
Project("{FAE04EC0-301F-11D3-BF4B-00C04F79EFBC}") = "InheritEx", "InheritEx\InheritEx.csproj", "{3063034B-2575-42B6-9395-BEB12080131E}"
EndProject
Project("{FAE04EC0-301F-11D3-BF4B-00C04F79EFBC}") = "B-Polymorph", "B-Polymorph\B-Polymorph.csproj", "{6BE3227D-BE10-4AB2-841B-CC2B4D864684}"
EndProject
Global
	GlobalSection(SolutionConfigurationPlatforms) = preSolution
		Debug|Any CPU = Debug|Any CPU
		Debug|x64 = Debug|x64
		Debug|x86 = Debug|x86
		Release|Any CPU = Release|Any CPU
		Release|x64 = Release|x64
		Release|x86 = Release|x86
	EndGlobalSection
	GlobalSection(SolutionProperties) = preSolution
		HideSolutionNode = FALSE
	EndGlobalSection
	GlobalSection(ProjectConfigurationPlatforms) = postSolution
		{3063034B-2575-42B6-9395-BEB12080131E}.Debug|Any CPU.ActiveCfg = Debug|Any CPU
		{3063034B-2575-42B6-9395-BEB12080131E}.Debug|Any CPU.Build.0 = Debug|Any CPU
		{3063034B-2575-42B6-9395-BEB12080131E}.Debug|x64.ActiveCfg = Debug|Any CPU
		{3063034B-2575-42B6-9395-BEB12080131E}.Debug|x64.Build.0 = Debug|Any CPU
		{3063034B-2575-42B6-9395-BEB12080131E}.Debug|x86.ActiveCfg = Debug|Any CPU
		{3063034B-2575-42B6-9395-BEB12080131E}.Debug|x86.Build.0 = Debug|Any CPU
		{3063034B-2575-42B6-9395-BEB12080131E}.Release|Any CPU.ActiveCfg = Release|Any CPU
		{3063034B-2575-42B6-9395-BEB12080131E}.Release|Any CPU.Build.0 = Release|Any CPU
		{3063034B-2575-42B6-9395-BEB12080131E}.Release|x64.ActiveCfg = Release|Any CPU
		{3063034B-2575-42B6-9395-BEB12080131E}.Release|x64.Build.0 = Release|Any CPU
		{3063034B-2575-42B6-9395-BEB12080131E}.Release|x86.ActiveCfg = Release|Any CPU
		{3063034B-2575-42B6-9395-BEB12080131E}.Release|x86.Build.0 = Release|Any CPU
		{6BE3227D-BE10-4AB2-841B-CC2B4D864684}.Debug|Any CPU.ActiveCfg = Debug|Any CPU
		{6BE3227D-BE10-4AB2-841B-CC2B4D864684}.Debug|Any CPU.Build.0 = Debug|Any CPU
		{6BE3227D-BE10-4AB2-841B-CC2B4D864684}.Debug|x64.ActiveCfg = Debug|Any CPU
		{6BE3227D-BE10-4AB2-841B-CC2B4D864684}.Debug|x64.Build.0 = Debug|Any CPU
		{6BE3227D-BE10-4AB2-841B-CC2B4D864684}.Debug|x86.ActiveCfg = Debug|Any CPU
		{6BE3227D-BE10-4AB2-841B-CC2B4D864684}.Debug|x86.Build.0 = Debug|Any CPU
		{6BE3227D-BE10-4AB2-841B-CC2B4D864684}.Release|Any CPU.ActiveCfg = Release|Any CPU
		{6BE3227D-BE10-4AB2-841B-CC2B4D864684}.Release|Any CPU.Build.0 = Release|Any CPU
		{6BE3227D-BE10-4AB2-841B-CC2B4D864684}.Release|x64.ActiveCfg = Release|Any CPU
		{6BE3227D-BE10-4AB2-841B-CC2B4D864684}.Release|x64.Build.0 = Release|Any CPU
		{6BE3227D-BE10-4AB2-841B-CC2B4D864684}.Release|x86.ActiveCfg = Release|Any CPU
		{6BE3227D-BE10-4AB2-841B-CC2B4D864684}.Release|x86.Build.0 = Release|Any CPU
	EndGlobalSection
EndGlobal
